// !$*UTF8*$!
{
	archiveVersion = 1;
	classes = {
	};
	objectVersion = 46;
	objects = {

/* Begin PBXBuildFile section */
		0410E5C01CDDA4C500793B23 /* BezierCurve.m in Sources */ = {isa = PBXBuildFile; fileRef = 0410E5BF1CDDA4C500793B23 /* BezierCurve.m */; };
		04700A721CDD97D100D8845D /* main.m in Sources */ = {isa = PBXBuildFile; fileRef = 04700A711CDD97D100D8845D /* main.m */; };
		04700A751CDD97D100D8845D /* AppDelegate.m in Sources */ = {isa = PBXBuildFile; fileRef = 04700A741CDD97D100D8845D /* AppDelegate.m */; };
		04700A781CDD97D100D8845D /* ViewController.m in Sources */ = {isa = PBXBuildFile; fileRef = 04700A771CDD97D100D8845D /* ViewController.m */; };
		04700A7B1CDD97D200D8845D /* Main.storyboard in Resources */ = {isa = PBXBuildFile; fileRef = 04700A791CDD97D200D8845D /* Main.storyboard */; };
		04700A7D1CDD97D200D8845D /* Assets.xcassets in Resources */ = {isa = PBXBuildFile; fileRef = 04700A7C1CDD97D200D8845D /* Assets.xcassets */; };
		04700A801CDD97D200D8845D /* LaunchScreen.storyboard in Resources */ = {isa = PBXBuildFile; fileRef = 04700A7E1CDD97D200D8845D /* LaunchScreen.storyboard */; };
		04700A8B1CDD97D200D8845D /* CubicBezierCurveTests.m in Sources */ = {isa = PBXBuildFile; fileRef = 04700A8A1CDD97D200D8845D /* CubicBezierCurveTests.m */; };
		04700A961CDD97D200D8845D /* CubicBezierCurveUITests.m in Sources */ = {isa = PBXBuildFile; fileRef = 04700A951CDD97D200D8845D /* CubicBezierCurveUITests.m */; };
		04AB4BEE1CDE983100AFB6F0 /* CGPointExtension.m in Sources */ = {isa = PBXBuildFile; fileRef = 04AB4BEB1CDE983100AFB6F0 /* CGPointExtension.m */; };
		04AB4BEF1CDE983100AFB6F0 /* UIBezierPath+Interpolation.m in Sources */ = {isa = PBXBuildFile; fileRef = 04AB4BED1CDE983100AFB6F0 /* UIBezierPath+Interpolation.m */; };
		04AB4BF21CDE9F9C00AFB6F0 /* CRVINTERGraphicsView.m in Sources */ = {isa = PBXBuildFile; fileRef = 04AB4BF11CDE9F9C00AFB6F0 /* CRVINTERGraphicsView.m */; };
/* End PBXBuildFile section */

/* Begin PBXContainerItemProxy section */
		04700A871CDD97D200D8845D /* PBXContainerItemProxy */ = {
			isa = PBXContainerItemProxy;
			containerPortal = 04700A651CDD97D000D8845D /* Project object */;
			proxyType = 1;
			remoteGlobalIDString = 04700A6C1CDD97D100D8845D;
			remoteInfo = CubicBezierCurve;
		};
		04700A921CDD97D200D8845D /* PBXContainerItemProxy */ = {
			isa = PBXContainerItemProxy;
			containerPortal = 04700A651CDD97D000D8845D /* Project object */;
			proxyType = 1;
			remoteGlobalIDString = 04700A6C1CDD97D100D8845D;
			remoteInfo = CubicBezierCurve;
		};
/* End PBXContainerItemProxy section */

/* Begin PBXFileReference section */
		0410E5BE1CDDA4C500793B23 /* BezierCurve.h */ = {isa = PBXFileReference; fileEncoding = 4; lastKnownFileType = sourcecode.c.h; path = BezierCurve.h; sourceTree = "<group>"; };
		0410E5BF1CDDA4C500793B23 /* BezierCurve.m */ = {isa = PBXFileReference; fileEncoding = 4; lastKnownFileType = sourcecode.c.objc; path = BezierCurve.m; sourceTree = "<group>"; };
		04700A6D1CDD97D100D8845D /* CubicBezierCurve.app */ = {isa = PBXFileReference; explicitFileType = wrapper.application; includeInIndex = 0; path = CubicBezierCurve.app; sourceTree = BUILT_PRODUCTS_DIR; };
		04700A711CDD97D100D8845D /* main.m */ = {isa = PBXFileReference; lastKnownFileType = sourcecode.c.objc; path = main.m; sourceTree = "<group>"; };
		04700A731CDD97D100D8845D /* AppDelegate.h */ = {isa = PBXFileReference; lastKnownFileType = sourcecode.c.h; path = AppDelegate.h; sourceTree = "<group>"; };
		04700A741CDD97D100D8845D /* AppDelegate.m */ = {isa = PBXFileReference; lastKnownFileType = sourcecode.c.objc; path = AppDelegate.m; sourceTree = "<group>"; };
		04700A761CDD97D100D8845D /* ViewController.h */ = {isa = PBXFileReference; lastKnownFileType = sourcecode.c.h; path = ViewController.h; sourceTree = "<group>"; };
		04700A771CDD97D100D8845D /* ViewController.m */ = {isa = PBXFileReference; lastKnownFileType = sourcecode.c.objc; path = ViewController.m; sourceTree = "<group>"; };
		04700A7A1CDD97D200D8845D /* Base */ = {isa = PBXFileReference; lastKnownFileType = file.storyboard; name = Base; path = Base.lproj/Main.storyboard; sourceTree = "<group>"; };
		04700A7C1CDD97D200D8845D /* Assets.xcassets */ = {isa = PBXFileReference; lastKnownFileType = folder.assetcatalog; path = Assets.xcassets; sourceTree = "<group>"; };
		04700A7F1CDD97D200D8845D /* Base */ = {isa = PBXFileReference; lastKnownFileType = file.storyboard; name = Base; path = Base.lproj/LaunchScreen.storyboard; sourceTree = "<group>"; };
		04700A811CDD97D200D8845D /* Info.plist */ = {isa = PBXFileReference; lastKnownFileType = text.plist.xml; path = Info.plist; sourceTree = "<group>"; };
		04700A861CDD97D200D8845D /* CubicBezierCurveTests.xctest */ = {isa = PBXFileReference; explicitFileType = wrapper.cfbundle; includeInIndex = 0; path = CubicBezierCurveTests.xctest; sourceTree = BUILT_PRODUCTS_DIR; };
		04700A8A1CDD97D200D8845D /* CubicBezierCurveTests.m */ = {isa = PBXFileReference; lastKnownFileType = sourcecode.c.objc; path = CubicBezierCurveTests.m; sourceTree = "<group>"; };
		04700A8C1CDD97D200D8845D /* Info.plist */ = {isa = PBXFileReference; lastKnownFileType = text.plist.xml; path = Info.plist; sourceTree = "<group>"; };
		04700A911CDD97D200D8845D /* CubicBezierCurveUITests.xctest */ = {isa = PBXFileReference; explicitFileType = wrapper.cfbundle; includeInIndex = 0; path = CubicBezierCurveUITests.xctest; sourceTree = BUILT_PRODUCTS_DIR; };
		04700A951CDD97D200D8845D /* CubicBezierCurveUITests.m */ = {isa = PBXFileReference; lastKnownFileType = sourcecode.c.objc; path = CubicBezierCurveUITests.m; sourceTree = "<group>"; };
		04700A971CDD97D200D8845D /* Info.plist */ = {isa = PBXFileReference; lastKnownFileType = text.plist.xml; path = Info.plist; sourceTree = "<group>"; };
		04AB4BEA1CDE983100AFB6F0 /* CGPointExtension.h */ = {isa = PBXFileReference; fileEncoding = 4; lastKnownFileType = sourcecode.c.h; path = CGPointExtension.h; sourceTree = "<group>"; };
		04AB4BEB1CDE983100AFB6F0 /* CGPointExtension.m */ = {isa = PBXFileReference; fileEncoding = 4; lastKnownFileType = sourcecode.c.objc; path = CGPointExtension.m; sourceTree = "<group>"; };
		04AB4BEC1CDE983100AFB6F0 /* UIBezierPath+Interpolation.h */ = {isa = PBXFileReference; fileEncoding = 4; lastKnownFileType = sourcecode.c.h; path = "UIBezierPath+Interpolation.h"; sourceTree = "<group>"; };
		04AB4BED1CDE983100AFB6F0 /* UIBezierPath+Interpolation.m */ = {isa = PBXFileReference; fileEncoding = 4; lastKnownFileType = sourcecode.c.objc; path = "UIBezierPath+Interpolation.m"; sourceTree = "<group>"; };
		04AB4BF01CDE9F9C00AFB6F0 /* CRVINTERGraphicsView.h */ = {isa = PBXFileReference; fileEncoding = 4; lastKnownFileType = sourcecode.c.h; path = CRVINTERGraphicsView.h; sourceTree = "<group>"; };
		04AB4BF11CDE9F9C00AFB6F0 /* CRVINTERGraphicsView.m */ = {isa = PBXFileReference; fileEncoding = 4; lastKnownFileType = sourcecode.c.objc; path = CRVINTERGraphicsView.m; sourceTree = "<group>"; };
/* End PBXFileReference section */

/* Begin PBXFrameworksBuildPhase section */
		04700A6A1CDD97D100D8845D /* Frameworks */ = {
			isa = PBXFrameworksBuildPhase;
			buildActionMask = 2147483647;
			files = (
			);
			runOnlyForDeploymentPostprocessing = 0;
		};
		04700A831CDD97D200D8845D /* Frameworks */ = {
			isa = PBXFrameworksBuildPhase;
			buildActionMask = 2147483647;
			files = (
			);
			runOnlyForDeploymentPostprocessing = 0;
		};
		04700A8E1CDD97D200D8845D /* Frameworks */ = {
			isa = PBXFrameworksBuildPhase;
			buildActionMask = 2147483647;
			files = (
			);
			runOnlyForDeploymentPostprocessing = 0;
		};
/* End PBXFrameworksBuildPhase section */

/* Begin PBXGroup section */
		04700A641CDD97D000D8845D = {
			isa = PBXGroup;
			children = (
				04700A6F1CDD97D100D8845D /* CubicBezierCurve */,
				04700A891CDD97D200D8845D /* CubicBezierCurveTests */,
				04700A941CDD97D200D8845D /* CubicBezierCurveUITests */,
				04700A6E1CDD97D100D8845D /* Products */,
			);
			sourceTree = "<group>";
		};
		04700A6E1CDD97D100D8845D /* Products */ = {
			isa = PBXGroup;
			children = (
				04700A6D1CDD97D100D8845D /* CubicBezierCurve.app */,
				04700A861CDD97D200D8845D /* CubicBezierCurveTests.xctest */,
				04700A911CDD97D200D8845D /* CubicBezierCurveUITests.xctest */,
			);
			name = Products;
			sourceTree = "<group>";
		};
		04700A6F1CDD97D100D8845D /* CubicBezierCurve */ = {
			isa = PBXGroup;
			children = (
				04700A731CDD97D100D8845D /* AppDelegate.h */,
				04700A741CDD97D100D8845D /* AppDelegate.m */,
				0410E5BE1CDDA4C500793B23 /* BezierCurve.h */,
				0410E5BF1CDDA4C500793B23 /* BezierCurve.m */,
				04700A761CDD97D100D8845D /* ViewController.h */,
				04700A771CDD97D100D8845D /* ViewController.m */,
				04700A791CDD97D200D8845D /* Main.storyboard */,
				04AB4BF01CDE9F9C00AFB6F0 /* CRVINTERGraphicsView.h */,
				04AB4BF11CDE9F9C00AFB6F0 /* CRVINTERGraphicsView.m */,
				04AB4BEA1CDE983100AFB6F0 /* CGPointExtension.h */,
				04AB4BEB1CDE983100AFB6F0 /* CGPointExtension.m */,
				04AB4BEC1CDE983100AFB6F0 /* UIBezierPath+Interpolation.h */,
				04AB4BED1CDE983100AFB6F0 /* UIBezierPath+Interpolation.m */,
				04700A7C1CDD97D200D8845D /* Assets.xcassets */,
				04700A7E1CDD97D200D8845D /* LaunchScreen.storyboard */,
				04700A811CDD97D200D8845D /* Info.plist */,
				04700A701CDD97D100D8845D /* Supporting Files */,
			);
			path = CubicBezierCurve;
			sourceTree = "<group>";
		};
		04700A701CDD97D100D8845D /* Supporting Files */ = {
			isa = PBXGroup;
			children = (
				04700A711CDD97D100D8845D /* main.m */,
			);
			name = "Supporting Files";
			sourceTree = "<group>";
		};
		04700A891CDD97D200D8845D /* CubicBezierCurveTests */ = {
			isa = PBXGroup;
			children = (
				04700A8A1CDD97D200D8845D /* CubicBezierCurveTests.m */,
				04700A8C1CDD97D200D8845D /* Info.plist */,
			);
			path = CubicBezierCurveTests;
			sourceTree = "<group>";
		};
		04700A941CDD97D200D8845D /* CubicBezierCurveUITests */ = {
			isa = PBXGroup;
			children = (
				04700A951CDD97D200D8845D /* CubicBezierCurveUITests.m */,
				04700A971CDD97D200D8845D /* Info.plist */,
			);
			path = CubicBezierCurveUITests;
			sourceTree = "<group>";
		};
/* End PBXGroup section */

/* Begin PBXNativeTarget section */
		04700A6C1CDD97D100D8845D /* CubicBezierCurve */ = {
			isa = PBXNativeTarget;
			buildConfigurationList = 04700A9A1CDD97D200D8845D /* Build configuration list for PBXNativeTarget "CubicBezierCurve" */;
			buildPhases = (
				04700A691CDD97D100D8845D /* Sources */,
				04700A6A1CDD97D100D8845D /* Frameworks */,
				04700A6B1CDD97D100D8845D /* Resources */,
			);
			buildRules = (
			);
			dependencies = (
			);
			name = CubicBezierCurve;
			productName = CubicBezierCurve;
			productReference = 04700A6D1CDD97D100D8845D /* CubicBezierCurve.app */;
			productType = "com.apple.product-type.application";
		};
		04700A851CDD97D200D8845D /* CubicBezierCurveTests */ = {
			isa = PBXNativeTarget;
			buildConfigurationList = 04700A9D1CDD97D200D8845D /* Build configuration list for PBXNativeTarget "CubicBezierCurveTests" */;
			buildPhases = (
				04700A821CDD97D200D8845D /* Sources */,
				04700A831CDD97D200D8845D /* Frameworks */,
				04700A841CDD97D200D8845D /* Resources */,
			);
			buildRules = (
			);
			dependencies = (
				04700A881CDD97D200D8845D /* PBXTargetDependency */,
			);
			name = CubicBezierCurveTests;
			productName = CubicBezierCurveTests;
			productReference = 04700A861CDD97D200D8845D /* CubicBezierCurveTests.xctest */;
			productType = "com.apple.product-type.bundle.unit-test";
		};
		04700A901CDD97D200D8845D /* CubicBezierCurveUITests */ = {
			isa = PBXNativeTarget;
			buildConfigurationList = 04700AA01CDD97D200D8845D /* Build configuration list for PBXNativeTarget "CubicBezierCurveUITests" */;
			buildPhases = (
				04700A8D1CDD97D200D8845D /* Sources */,
				04700A8E1CDD97D200D8845D /* Frameworks */,
				04700A8F1CDD97D200D8845D /* Resources */,
			);
			buildRules = (
			);
			dependencies = (
				04700A931CDD97D200D8845D /* PBXTargetDependency */,
			);
			name = CubicBezierCurveUITests;
			productName = CubicBezierCurveUITests;
			productReference = 04700A911CDD97D200D8845D /* CubicBezierCurveUITests.xctest */;
			productType = "com.apple.product-type.bundle.ui-testing";
		};
/* End PBXNativeTarget section */

/* Begin PBXProject section */
		04700A651CDD97D000D8845D /* Project object */ = {
			isa = PBXProject;
			attributes = {
				LastUpgradeCheck = 0720;
				ORGANIZATIONNAME = weifengdq;
				TargetAttributes = {
					04700A6C1CDD97D100D8845D = {
						CreatedOnToolsVersion = 7.2;
						DevelopmentTeam = N453TFWY8P;
					};
					04700A851CDD97D200D8845D = {
						CreatedOnToolsVersion = 7.2;
						DevelopmentTeam = N453TFWY8P;
						TestTargetID = 04700A6C1CDD97D100D8845D;
					};
					04700A901CDD97D200D8845D = {
						CreatedOnToolsVersion = 7.2;
						DevelopmentTeam = N453TFWY8P;
						TestTargetID = 04700A6C1CDD97D100D8845D;
					};
				};
			};
			buildConfigurationList = 04700A681CDD97D000D8845D /* Build configuration list for PBXProject "CubicBezierCurve" */;
			compatibilityVersion = "Xcode 3.2";
			developmentRegion = English;
			hasScannedForEncodings = 0;
			knownRegions = (
				en,
				Base,
			);
			mainGroup = 04700A641CDD97D000D8845D;
			productRefGroup = 04700A6E1CDD97D100D8845D /* Products */;
			projectDirPath = "";
			projectRoot = "";
			targets = (
				04700A6C1CDD97D100D8845D /* CubicBezierCurve */,
				04700A851CDD97D200D8845D /* CubicBezierCurveTests */,
				04700A901CDD97D200D8845D /* CubicBezierCurveUITests */,
			);
		};
/* End PBXProject section */

/* Begin PBXResourcesBuildPhase section */
		04700A6B1CDD97D100D8845D /* Resources */ = {
			isa = PBXResourcesBuildPhase;
			buildActionMask = 2147483647;
			files = (
				04700A801CDD97D200D8845D /* LaunchScreen.storyboard in Resources */,
				04700A7D1CDD97D200D8845D /* Assets.xcassets in Resources */,
				04700A7B1CDD97D200D8845D /* Main.storyboard in Resources */,
			);
			runOnlyForDeploymentPostprocessing = 0;
		};
		04700A841CDD97D200D8845D /* Resources */ = {
			isa = PBXResourcesBuildPhase;
			buildActionMask = 2147483647;
			files = (
			);
			runOnlyForDeploymentPostprocessing = 0;
		};
		04700A8F1CDD97D200D8845D /* Resources */ = {
			isa = PBXResourcesBuildPhase;
			buildActionMask = 2147483647;
			files = (
			);
			runOnlyForDeploymentPostprocessing = 0;
		};
/* End PBXResourcesBuildPhase section */

/* Begin PBXSourcesBuildPhase section */
		04700A691CDD97D100D8845D /* Sources */ = {
			isa = PBXSourcesBuildPhase;
			buildActionMask = 2147483647;
			files = (
				04700A781CDD97D100D8845D /* ViewController.m in Sources */,
				04AB4BF21CDE9F9C00AFB6F0 /* CRVINTERGraphicsView.m in Sources */,
				04AB4BEE1CDE983100AFB6F0 /* CGPointExtension.m in Sources */,
				04AB4BEF1CDE983100AFB6F0 /* UIBezierPath+Interpolation.m in Sources */,
				04700A751CDD97D100D8845D /* AppDelegate.m in Sources */,
				0410E5C01CDDA4C500793B23 /* BezierCurve.m in Sources */,
				04700A721CDD97D100D8845D /* main.m in Sources */,
			);
			runOnlyForDeploymentPostprocessing = 0;
		};
		04700A821CDD97D200D8845D /* Sources */ = {
			isa = PBXSourcesBuildPhase;
			buildActionMask = 2147483647;
			files = (
				04700A8B1CDD97D200D8845D /* CubicBezierCurveTests.m in Sources */,
			);
			runOnlyForDeploymentPostprocessing = 0;
		};
		04700A8D1CDD97D200D8845D /* Sources */ = {
			isa = PBXSourcesBuildPhase;
			buildActionMask = 2147483647;
			files = (
				04700A961CDD97D200D8845D /* CubicBezierCurveUITests.m in Sources */,
			);
			runOnlyForDeploymentPostprocessing = 0;
		};
/* End PBXSourcesBuildPhase section */

/* Begin PBXTargetDependency section */
		04700A881CDD97D200D8845D /* PBXTargetDependency */ = {
			isa = PBXTargetDependency;
			target = 04700A6C1CDD97D100D8845D /* CubicBezierCurve */;
			targetProxy = 04700A871CDD97D200D8845D /* PBXContainerItemProxy */;
		};
		04700A931CDD97D200D8845D /* PBXTargetDependency */ = {
			isa = PBXTargetDependency;
			target = 04700A6C1CDD97D100D8845D /* CubicBezierCurve */;
			targetProxy = 04700A921CDD97D200D8845D /* PBXContainerItemProxy */;
		};
/* End PBXTargetDependency section */

/* Begin PBXVariantGroup section */
		04700A791CDD97D200D8845D /* Main.storyboard */ = {
			isa = PBXVariantGroup;
			children = (
				04700A7A1CDD97D200D8845D /* Base */,
			);
			name = Main.storyboard;
			sourceTree = "<group>";
		};
		04700A7E1CDD97D200D8845D /* LaunchScreen.storyboard */ = {
			isa = PBXVariantGroup;
			children = (
				04700A7F1CDD97D200D8845D /* Base */,
			);
			name = LaunchScreen.storyboard;
			sourceTree = "<group>";
		};
/* End PBXVariantGroup section */

/* Begin XCBuildConfiguration section */
		04700A981CDD97D200D8845D /* Debug */ = {
			isa = XCBuildConfiguration;
			buildSettings = {
				ALWAYS_SEARCH_USER_PATHS = NO;
				CLANG_CXX_LANGUAGE_STANDARD = "gnu++0x";
				CLANG_CXX_LIBRARY = "libc++";
				CLANG_ENABLE_MODULES = YES;
				CLANG_ENABLE_OBJC_ARC = YES;
				CLANG_WARN_BOOL_CONVERSION = YES;
				CLANG_WARN_CONSTANT_CONVERSION = YES;
				CLANG_WARN_DIRECT_OBJC_ISA_USAGE = YES_ERROR;
				CLANG_WARN_EMPTY_BODY = YES;
				CLANG_WARN_ENUM_CONVERSION = YES;
				CLANG_WARN_INT_CONVERSION = YES;
				CLANG_WARN_OBJC_ROOT_CLASS = YES_ERROR;
				CLANG_WARN_UNREACHABLE_CODE = YES;
				CLANG_WARN__DUPLICATE_METHOD_MATCH = YES;
				"CODE_SIGN_IDENTITY[sdk=iphoneos*]" = "iPhone Developer";
				COPY_PHASE_STRIP = NO;
				DEBUG_INFORMATION_FORMAT = dwarf;
				ENABLE_STRICT_OBJC_MSGSEND = YES;
				ENABLE_TESTABILITY = YES;
				GCC_C_LANGUAGE_STANDARD = gnu99;
				GCC_DYNAMIC_NO_PIC = NO;
				GCC_NO_COMMON_BLOCKS = YES;
				GCC_OPTIMIZATION_LEVEL = 0;
				GCC_PREPROCESSOR_DEFINITIONS = (
					"DEBUG=1",
					"$(inherited)",
				);
				GCC_WARN_64_TO_32_BIT_CONVERSION = YES;
				GCC_WARN_ABOUT_RETURN_TYPE = YES_ERROR;
				GCC_WARN_UNDECLARED_SELECTOR = YES;
				GCC_WARN_UNINITIALIZED_AUTOS = YES_AGGRESSIVE;
				GCC_WARN_UNUSED_FUNCTION = YES;
				GCC_WARN_UNUSED_VARIABLE = YES;
				IPHONEOS_DEPLOYMENT_TARGET = 7.1;
				MTL_ENABLE_DEBUG_INFO = YES;
				ONLY_ACTIVE_ARCH = YES;
				SDKROOT = iphoneos;
			};
			name = Debug;
		};
		04700A991CDD97D200D8845D /* Release */ = {
			isa = XCBuildConfiguration;
			buildSettings = {
				ALWAYS_SEARCH_USER_PATHS = NO;
				CLANG_CXX_LANGUAGE_STANDARD = "gnu++0x";
				CLANG_CXX_LIBRARY = "libc++";
				CLANG_ENABLE_MODULES = YES;
				CLANG_ENABLE_OBJC_ARC = YES;
				CLANG_WARN_BOOL_CONVERSION = YES;
				CLANG_WARN_CONSTANT_CONVERSION = YES;
				CLANG_WARN_DIRECT_OBJC_ISA_USAGE = YES_ERROR;
				CLANG_WARN_EMPTY_BODY = YES;
				CLANG_WARN_ENUM_CONVERSION = YES;
				CLANG_WARN_INT_CONVERSION = YES;
				CLANG_WARN_OBJC_ROOT_CLASS = YES_ERROR;
				CLANG_WARN_UNREACHABLE_CODE = YES;
				CLANG_WARN__DUPLICATE_METHOD_MATCH = YES;
				"CODE_SIGN_IDENTITY[sdk=iphoneos*]" = "iPhone Developer";
				COPY_PHASE_STRIP = NO;
				DEBUG_INFORMATION_FORMAT = "dwarf-with-dsym";
				ENABLE_NS_ASSERTIONS = NO;
				ENABLE_STRICT_OBJC_MSGSEND = YES;
				GCC_C_LANGUAGE_STANDARD = gnu99;
				GCC_NO_COMMON_BLOCKS = YES;
				GCC_WARN_64_TO_32_BIT_CONVERSION = YES;
				GCC_WARN_ABOUT_RETURN_TYPE = YES_ERROR;
				GCC_WARN_UNDECLARED_SELECTOR = YES;
				GCC_WARN_UNINITIALIZED_AUTOS = YES_AGGRESSIVE;
				GCC_WARN_UNUSED_FUNCTION = YES;
				GCC_WARN_UNUSED_VARIABLE = YES;
				IPHONEOS_DEPLOYMENT_TARGET = 7.1;
				MTL_ENABLE_DEBUG_INFO = NO;
				SDKROOT = iphoneos;
				VALIDATE_PRODUCT = YES;
			};
			name = Release;
		};
		04700A9B1CDD97D200D8845D /* Debug */ = {
			isa = XCBuildConfiguration;
			buildSettings = {
				ASSETCATALOG_COMPILER_APPICON_NAME = AppIcon;
				INFOPLIST_FILE = CubicBezierCurve/Info.plist;
				LD_RUNPATH_SEARCH_PATHS = "$(inherited) @executable_path/Frameworks";
				PRODUCT_BUNDLE_IDENTIFIER = org.weifengdq.CubicBezierCurve;
				PRODUCT_NAME = "$(TARGET_NAME)";
			};
			name = Debug;
		};
		04700A9C1CDD97D200D8845D /* Release */ = {
			isa = XCBuildConfiguration;
			buildSettings = {
				ASSETCATALOG_COMPILER_APPICON_NAME = AppIcon;
				INFOPLIST_FILE = CubicBezierCurve/Info.plist;
				LD_RUNPATH_SEARCH_PATHS = "$(inherited) @executable_path/Frameworks";
				PRODUCT_BUNDLE_IDENTIFIER = org.weifengdq.CubicBezierCurve;
				PRODUCT_NAME = "$(TARGET_NAME)";
			};
			name = Release;
		};
		04700A9E1CDD97D200D8845D /* Debug */ = {
			isa = XCBuildConfiguration;
			buildSettings = {
				BUNDLE_LOADER = "$(TEST_HOST)";
				INFOPLIST_FILE = CubicBezierCurveTests/Info.plist;
				LD_RUNPATH_SEARCH_PATHS = "$(inherited) @executable_path/Frameworks @loader_path/Frameworks";
				PRODUCT_BUNDLE_IDENTIFIER = org.weifengdq.CubicBezierCurveTests;
				PRODUCT_NAME = "$(TARGET_NAME)";
				TEST_HOST = "$(BUILT_PRODUCTS_DIR)/CubicBezierCurve.app/CubicBezierCurve";
			};
			name = Debug;
		};
		04700A9F1CDD97D200D8845D /* Release */ = {
			isa = XCBuildConfiguration;
			buildSettings = {
				BUNDLE_LOADER = "$(TEST_HOST)";
				INFOPLIST_FILE = CubicBezierCurveTests/Info.plist;
				LD_RUNPATH_SEARCH_PATHS = "$(inherited) @executable_path/Frameworks @loader_path/Frameworks";
				PRODUCT_BUNDLE_IDENTIFIER = org.weifengdq.CubicBezierCurveTests;
				PRODUCT_NAME = "$(TARGET_NAME)";
				TEST_HOST = "$(BUILT_PRODUCTS_DIR)/CubicBezierCurve.app/CubicBezierCurve";
			};
			name = Release;
		};
		04700AA11CDD97D200D8845D /* Debug */ = {
			isa = XCBuildConfiguration;
			buildSettings = {
				INFOPLIST_FILE = CubicBezierCurveUITests/Info.plist;
				LD_RUNPATH_SEARCH_PATHS = "$(inherited) @executable_path/Frameworks @loader_path/Frameworks";
				PRODUCT_BUNDLE_IDENTIFIER = org.weifengdq.CubicBezierCurveUITests;
				PRODUCT_NAME = "$(TARGET_NAME)";
				TEST_TARGET_NAME = CubicBezierCurve;
				USES_XCTRUNNER = YES;
			};
			name = Debug;
		};
		04700AA21CDD97D200D8845D /* Release */ = {
			isa = XCBuildConfiguration;
			buildSettings = {
				INFOPLIST_FILE = CubicBezierCurveUITests/Info.plist;
				LD_RUNPATH_SEARCH_PATHS = "$(inherited) @executable_path/Frameworks @loader_path/Frameworks";
				PRODUCT_BUNDLE_IDENTIFIER = org.weifengdq.CubicBezierCurveUITests;
				PRODUCT_NAME = "$(TARGET_NAME)";
				TEST_TARGET_NAME = CubicBezierCurve;
				USES_XCTRUNNER = YES;
			};
			name = Release;
		};
/* End XCBuildConfiguration section */

/* Begin XCConfigurationList section */
		04700A681CDD97D000D8845D /* Build configuration list for PBXProject "CubicBezierCurve" */ = {
			isa = XCConfigurationList;
			buildConfigurations = (
				04700A981CDD97D200D8845D /* Debug */,
				04700A991CDD97D200D8845D /* Release */,
			);
			defaultConfigurationIsVisible = 0;
			defaultConfigurationName = Release;
		};
		04700A9A1CDD97D200D8845D /* Build configuration list for PBXNativeTarget "CubicBezierCurve" */ = {
			isa = XCConfigurationList;
			buildConfigurations = (
				04700A9B1CDD97D200D8845D /* Debug */,
				04700A9C1CDD97D200D8845D /* Release */,
			);
			defaultConfigurationIsVisible = 0;
			defaultConfigurationName = Release;
		};
		04700A9D1CDD97D200D8845D /* Build configuration list for PBXNativeTarget "CubicBezierCurveTests" */ = {
			isa = XCConfigurationList;
			buildConfigurations = (
				04700A9E1CDD97D200D8845D /* Debug */,
				04700A9F1CDD97D200D8845D /* Release */,
			);
			defaultConfigurationIsVisible = 0;
			defaultConfigurationName = Release;
		};
		04700AA01CDD97D200D8845D /* Build configuration list for PBXNativeTarget "CubicBezierCurveUITests" */ = {
			isa = XCConfigurationList;
			buildConfigurations = (
				04700AA11CDD97D200D8845D /* Debug */,
				04700AA21CDD97D200D8845D /* Release */,
			);
			defaultConfigurationIsVisible = 0;
			defaultConfigurationName = Release;
		};
/* End XCConfigurationList section */
	};
	rootObject = 04700A651CDD97D000D8845D /* Project object */;
}
